
Microsoft Visual Studio Solution File, Format Version 12.00
# Visual Studio Version 16
VisualStudioVersion = 16.0.31624.102
MinimumVisualStudioVersion = 10.0.40219.1
Project("{8BC9CEB8-8B4A-11D0-8D11-00A0C91BC942}") = "project", "project.vcxproj", "{220FD648-5544-450A-A695-AD25C9EEF709}"
EndProject
Global
	GlobalSection(SolutionConfigurationPlatforms) = preSolution
		Debug|x64 = Debug|x64
		Release|x64 = Release|x64
	EndGlobalSection
	GlobalSection(ProjectConfigurationPlatforms) = postSolution
		{220FD648-5544-450A-A695-AD25C9EEF709}.Debug|x64.ActiveCfg = Debug|x64
		{220FD648-5544-450A-A695-AD25C9EEF709}.Debug|x64.Build.0 = Debug|x64
		{220FD648-5544-450A-A695-AD25C9EEF709}.Release|x64.ActiveCfg = Release|x64
		{220FD648-5544-450A-A695-AD25C9EEF709}.Release|x64.Build.0 = Release|x64
	EndGlobalSection
	GlobalSection(SolutionProperties) = preSolution
		HideSolutionNode = FALSE
	EndGlobalSection
	GlobalSection(ExtensibilityGlobals) = postSolution
		SolutionGuid = {A1845A17-59FF-4D95-8494-CE091F0EE8B2}
	EndGlobalSection
EndGlobal
